{
  "lockfileVersion": 1,
  "configVersion": 1,
  "workspaces": {
    "": {
      "name": "permish-crsqlite-spike",
      "dependencies": {
        "@vlcn.io/crsqlite": "^0.16.3",
      },
    },
  },
  "packages": {
    "@vlcn.io/crsqlite": ["@vlcn.io/crsqlite@0.16.3", "", {}, "sha512-1rKylRr2LyW5kwh/a6ZFmvt7kFK+aKLGkz9+O1w9EFVdH11SMUg6MfvxTfoczKCyb3/E5qvdOk2NDW/Zin6OjQ=="],
  }
}
